// !$*UTF8*$!
{
	archiveVersion = 1;
	classes = {
	};
	objectVersion = 56;
	objects = {

/* Begin PBXBuildFile section */
		774863FB296FF6EC00DD32D8 /* aliveApp.swift in Sources */ = {isa = PBXBuildFile; fileRef = 774863FA296FF6EC00DD32D8 /* aliveApp.swift */; };
		774863FD296FF6EC00DD32D8 /* ContentView.swift in Sources */ = {isa = PBXBuildFile; fileRef = 774863FC296FF6EC00DD32D8 /* ContentView.swift */; };
		774863FF296FF6EE00DD32D8 /* Assets.xcassets in Resources */ = {isa = PBXBuildFile; fileRef = 774863FE296FF6EE00DD32D8 /* Assets.xcassets */; };
		77486402296FF6EE00DD32D8 /* Preview Assets.xcassets in Resources */ = {isa = PBXBuildFile; fileRef = 77486401296FF6EE00DD32D8 /* Preview Assets.xcassets */; };
		77486404296FF6EE00DD32D8 /* Persistence.swift in Sources */ = {isa = PBXBuildFile; fileRef = 77486403296FF6EE00DD32D8 /* Persistence.swift */; };
		77486407296FF6EE00DD32D8 /* alive.xcdatamodeld in Sources */ = {isa = PBXBuildFile; fileRef = 77486405296FF6EE00DD32D8 /* alive.xcdatamodeld */; };
		7748640F296FFEFB00DD32D8 /* FormattedDate.swift in Sources */ = {isa = PBXBuildFile; fileRef = 7748640E296FFEFB00DD32D8 /* FormattedDate.swift */; };
		7748641429700FE700DD32D8 /* FSCalendar in Frameworks */ = {isa = PBXBuildFile; productRef = 7748641329700FE700DD32D8 /* FSCalendar */; };
		774864462973C0CF00DD32D8 /* person.swift in Sources */ = {isa = PBXBuildFile; fileRef = 774864452973C0CF00DD32D8 /* person.swift */; };
		774864482973C52800DD32D8 /* frendView.swift in Sources */ = {isa = PBXBuildFile; fileRef = 774864472973C52800DD32D8 /* frendView.swift */; };
		7748644A2973EA0700DD32D8 /* pointView.swift in Sources */ = {isa = PBXBuildFile; fileRef = 774864492973EA0700DD32D8 /* pointView.swift */; };
/* End PBXBuildFile section */

/* Begin PBXFileReference section */
		774863F7296FF6EC00DD32D8 /* alive.app */ = {isa = PBXFileReference; explicitFileType = wrapper.application; includeInIndex = 0; path = alive.app; sourceTree = BUILT_PRODUCTS_DIR; };
		774863FA296FF6EC00DD32D8 /* aliveApp.swift */ = {isa = PBXFileReference; lastKnownFileType = sourcecode.swift; path = aliveApp.swift; sourceTree = "<group>"; };
		774863FC296FF6EC00DD32D8 /* ContentView.swift */ = {isa = PBXFileReference; lastKnownFileType = sourcecode.swift; path = ContentView.swift; sourceTree = "<group>"; };
		774863FE296FF6EE00DD32D8 /* Assets.xcassets */ = {isa = PBXFileReference; lastKnownFileType = folder.assetcatalog; path = Assets.xcassets; sourceTree = "<group>"; };
		77486401296FF6EE00DD32D8 /* Preview Assets.xcassets */ = {isa = PBXFileReference; lastKnownFileType = folder.assetcatalog; path = "Preview Assets.xcassets"; sourceTree = "<group>"; };
		77486403296FF6EE00DD32D8 /* Persistence.swift */ = {isa = PBXFileReference; lastKnownFileType = sourcecode.swift; path = Persistence.swift; sourceTree = "<group>"; };
		77486406296FF6EE00DD32D8 /* alive.xcdatamodel */ = {isa = PBXFileReference; lastKnownFileType = wrapper.xcdatamodel; path = alive.xcdatamodel; sourceTree = "<group>"; };
		77486408296FF6EE00DD32D8 /* Info.plist */ = {isa = PBXFileReference; lastKnownFileType = text.plist.xml; path = Info.plist; sourceTree = "<group>"; };
		7748640E296FFEFB00DD32D8 /* FormattedDate.swift */ = {isa = PBXFileReference; lastKnownFileType = sourcecode.swift; path = FormattedDate.swift; sourceTree = "<group>"; };
		774864452973C0CF00DD32D8 /* person.swift */ = {isa = PBXFileReference; lastKnownFileType = sourcecode.swift; path = person.swift; sourceTree = "<group>"; };
		774864472973C52800DD32D8 /* frendView.swift */ = {isa = PBXFileReference; lastKnownFileType = sourcecode.swift; path = frendView.swift; sourceTree = "<group>"; };
		774864492973EA0700DD32D8 /* pointView.swift */ = {isa = PBXFileReference; lastKnownFileType = sourcecode.swift; path = pointView.swift; sourceTree = "<group>"; };
/* End PBXFileReference section */

/* Begin PBXFrameworksBuildPhase section */
		774863F4296FF6EC00DD32D8 /* Frameworks */ = {
			isa = PBXFrameworksBuildPhase;
			buildActionMask = 2147483647;
			files = (
				7748641429700FE700DD32D8 /* FSCalendar in Frameworks */,
			);
			runOnlyForDeploymentPostprocessing = 0;
		};
/* End PBXFrameworksBuildPhase section */

/* Begin PBXGroup section */
		774863EE296FF6EC00DD32D8 = {
			isa = PBXGroup;
			children = (
				774863F9296FF6EC00DD32D8 /* alive */,
				774863F8296FF6EC00DD32D8 /* Products */,
			);
			sourceTree = "<group>";
		};
		774863F8296FF6EC00DD32D8 /* Products */ = {
			isa = PBXGroup;
			children = (
				774863F7296FF6EC00DD32D8 /* alive.app */,
			);
			name = Products;
			sourceTree = "<group>";
		};
		774863F9296FF6EC00DD32D8 /* alive */ = {
			isa = PBXGroup;
			children = (
				774863FA296FF6EC00DD32D8 /* aliveApp.swift */,
				774863FC296FF6EC00DD32D8 /* ContentView.swift */,
				774864492973EA0700DD32D8 /* pointView.swift */,
				774864472973C52800DD32D8 /* frendView.swift */,
				774864452973C0CF00DD32D8 /* person.swift */,
				7748640E296FFEFB00DD32D8 /* FormattedDate.swift */,
				774863FE296FF6EE00DD32D8 /* Assets.xcassets */,
				77486403296FF6EE00DD32D8 /* Persistence.swift */,
				77486408296FF6EE00DD32D8 /* Info.plist */,
				77486405296FF6EE00DD32D8 /* alive.xcdatamodeld */,
				77486400296FF6EE00DD32D8 /* Preview Content */,
			);
			path = alive;
			sourceTree = "<group>";
		};
		77486400296FF6EE00DD32D8 /* Preview Content */ = {
			isa = PBXGroup;
			children = (
				77486401296FF6EE00DD32D8 /* Preview Assets.xcassets */,
			);
			path = "Preview Content";
			sourceTree = "<group>";
		};
/* End PBXGroup section */

/* Begin PBXNativeTarget section */
		774863F6296FF6EC00DD32D8 /* alive */ = {
			isa = PBXNativeTarget;
			buildConfigurationList = 7748640B296FF6EE00DD32D8 /* Build configuration list for PBXNativeTarget "alive" */;
			buildPhases = (
				774863F3296FF6EC00DD32D8 /* Sources */,
				774863F4296FF6EC00DD32D8 /* Frameworks */,
				774863F5296FF6EC00DD32D8 /* Resources */,
			);
			buildRules = (
			);
			dependencies = (
			);
			name = alive;
			packageProductDependencies = (
				7748641329700FE700DD32D8 /* FSCalendar */,
			);
			productName = alive;
			productReference = 774863F7296FF6EC00DD32D8 /* alive.app */;
			productType = "com.apple.product-type.application";
		};
/* End PBXNativeTarget section */

/* Begin PBXProject section */
		774863EF296FF6EC00DD32D8 /* Project object */ = {
			isa = PBXProject;
			attributes = {
				BuildIndependentTargetsInParallel = 1;
				LastSwiftUpdateCheck = 1420;
				LastUpgradeCheck = 1420;
				TargetAttributes = {
					774863F6296FF6EC00DD32D8 = {
						CreatedOnToolsVersion = 14.2;
					};
				};
			};
			buildConfigurationList = 774863F2296FF6EC00DD32D8 /* Build configuration list for PBXProject "alive" */;
			compatibilityVersion = "Xcode 14.0";
			developmentRegion = en;
			hasScannedForEncodings = 0;
			knownRegions = (
				en,
				Base,
			);
			mainGroup = 774863EE296FF6EC00DD32D8;
			packageReferences = (
				7748641229700FE700DD32D8 /* XCRemoteSwiftPackageReference "FSCalendar" */,
			);
			productRefGroup = 774863F8296FF6EC00DD32D8 /* Products */;
			projectDirPath = "";
			projectRoot = "";
			targets = (
				774863F6296FF6EC00DD32D8 /* alive */,
			);
		};
/* End PBXProject section */

/* Begin PBXResourcesBuildPhase section */
		774863F5296FF6EC00DD32D8 /* Resources */ = {
			isa = PBXResourcesBuildPhase;
			buildActionMask = 2147483647;
			files = (
				77486402296FF6EE00DD32D8 /* Preview Assets.xcassets in Resources */,
				774863FF296FF6EE00DD32D8 /* Assets.xcassets in Resources */,
			);
			runOnlyForDeploymentPostprocessing = 0;
		};
/* End PBXResourcesBuildPhase section */

/* Begin PBXSourcesBuildPhase section */
		774863F3296FF6EC00DD32D8 /* Sources */ = {
			isa = PBXSourcesBuildPhase;
			buildActionMask = 2147483647;
			files = (
				77486404296FF6EE00DD32D8 /* Persistence.swift in Sources */,
				774863FD296FF6EC00DD32D8 /* ContentView.swift in Sources */,
				774863FB296FF6EC00DD32D8 /* aliveApp.swift in Sources */,
				774864482973C52800DD32D8 /* frendView.swift in Sources */,
				77486407296FF6EE00DD32D8 /* alive.xcdatamodeld in Sources */,
				774864462973C0CF00DD32D8 /* person.swift in Sources */,
				7748640F296FFEFB00DD32D8 /* FormattedDate.swift in Sources */,
				7748644A2973EA0700DD32D8 /* pointView.swift in Sources */,
			);
			runOnlyForDeploymentPostprocessing = 0;
		};
/* End PBXSourcesBuildPhase section */

/* Begin XCBuildConfiguration section */
		77486409296FF6EE00DD32D8 /* Debug */ = {
			isa = XCBuildConfiguration;
			buildSettings = {
				ALWAYS_SEARCH_USER_PATHS = NO;
				CLANG_ANALYZER_NONNULL = YES;
				CLANG_ANALYZER_NUMBER_OBJECT_CONVERSION = YES_AGGRESSIVE;
				CLANG_CXX_LANGUAGE_STANDARD = "gnu++20";
				CLANG_ENABLE_MODULES = YES;
				CLANG_ENABLE_OBJC_ARC = YES;
				CLANG_ENABLE_OBJC_WEAK = YES;
				CLANG_WARN_BLOCK_CAPTURE_AUTORELEASING = YES;
				CLANG_WARN_BOOL_CONVERSION = YES;
				CLANG_WARN_COMMA = YES;
				CLANG_WARN_CONSTANT_CONVERSION = YES;
				CLANG_WARN_DEPRECATED_OBJC_IMPLEMENTATIONS = YES;
				CLANG_WARN_DIRECT_OBJC_ISA_USAGE = YES_ERROR;
				CLANG_WARN_DOCUMENTATION_COMMENTS = YES;
				CLANG_WARN_EMPTY_BODY = YES;
				CLANG_WARN_ENUM_CONVERSION = YES;
				CLANG_WARN_INFINITE_RECURSION = YES;
				CLANG_WARN_INT_CONVERSION = YES;
				CLANG_WARN_NON_LITERAL_NULL_CONVERSION = YES;
				CLANG_WARN_OBJC_IMPLICIT_RETAIN_SELF = YES;
				CLANG_WARN_OBJC_LITERAL_CONVERSION = YES;
				CLANG_WARN_OBJC_ROOT_CLASS = YES_ERROR;
				CLANG_WARN_QUOTED_INCLUDE_IN_FRAMEWORK_HEADER = YES;
				CLANG_WARN_RANGE_LOOP_ANALYSIS = YES;
				CLANG_WARN_STRICT_PROTOTYPES = YES;
				CLANG_WARN_SUSPICIOUS_MOVE = YES;
				CLANG_WARN_UNGUARDED_AVAILABILITY = YES_AGGRESSIVE;
				CLANG_WARN_UNREACHABLE_CODE = YES;
				CLANG_WARN__DUPLICATE_METHOD_MATCH = YES;
				COPY_PHASE_STRIP = NO;
				DEBUG_INFORMATION_FORMAT = dwarf;
				ENABLE_STRICT_OBJC_MSGSEND = YES;
				ENABLE_TESTABILITY = YES;
				GCC_C_LANGUAGE_STANDARD = gnu11;
				GCC_DYNAMIC_NO_PIC = NO;
				GCC_NO_COMMON_BLOCKS = YES;
				GCC_OPTIMIZATION_LEVEL = 0;
				GCC_PREPROCESSOR_DEFINITIONS = (
					"DEBUG=1",
					"$(inherited)",
				);
				GCC_WARN_64_TO_32_BIT_CONVERSION = YES;
				GCC_WARN_ABOUT_RETURN_TYPE = YES_ERROR;
				GCC_WARN_UNDECLARED_SELECTOR = YES;
				GCC_WARN_UNINITIALIZED_AUTOS = YES_AGGRESSIVE;
				GCC_WARN_UNUSED_FUNCTION = YES;
				GCC_WARN_UNUSED_VARIABLE = YES;
				IPHONEOS_DEPLOYMENT_TARGET = 16.2;
				MTL_ENABLE_DEBUG_INFO = INCLUDE_SOURCE;
				MTL_FAST_MATH = YES;
				ONLY_ACTIVE_ARCH = YES;
				SDKROOT = iphoneos;
				SWIFT_ACTIVE_COMPILATION_CONDITIONS = DEBUG;
				SWIFT_OPTIMIZATION_LEVEL = "-Onone";
			};
			name = Debug;
		};
		7748640A296FF6EE00DD32D8 /* Release */ = {
			isa = XCBuildConfiguration;
			buildSettings = {
				ALWAYS_SEARCH_USER_PATHS = NO;
				CLANG_ANALYZER_NONNULL = YES;
				CLANG_ANALYZER_NUMBER_OBJECT_CONVERSION = YES_AGGRESSIVE;
				CLANG_CXX_LANGUAGE_STANDARD = "gnu++20";
				CLANG_ENABLE_MODULES = YES;
				CLANG_ENABLE_OBJC_ARC = YES;
				CLANG_ENABLE_OBJC_WEAK = YES;
				CLANG_WARN_BLOCK_CAPTURE_AUTORELEASING = YES;
				CLANG_WARN_BOOL_CONVERSION = YES;
				CLANG_WARN_COMMA = YES;
				CLANG_WARN_CONSTANT_CONVERSION = YES;
				CLANG_WARN_DEPRECATED_OBJC_IMPLEMENTATIONS = YES;
				CLANG_WARN_DIRECT_OBJC_ISA_USAGE = YES_ERROR;
				CLANG_WARN_DOCUMENTATION_COMMENTS = YES;
				CLANG_WARN_EMPTY_BODY = YES;
				CLANG_WARN_ENUM_CONVERSION = YES;
				CLANG_WARN_INFINITE_RECURSION = YES;
				CLANG_WARN_INT_CONVERSION = YES;
				CLANG_WARN_NON_LITERAL_NULL_CONVERSION = YES;
				CLANG_WARN_OBJC_IMPLICIT_RETAIN_SELF = YES;
				CLANG_WARN_OBJC_LITERAL_CONVERSION = YES;
				CLANG_WARN_OBJC_ROOT_CLASS = YES_ERROR;
				CLANG_WARN_QUOTED_INCLUDE_IN_FRAMEWORK_HEADER = YES;
				CLANG_WARN_RANGE_LOOP_ANALYSIS = YES;
				CLANG_WARN_STRICT_PROTOTYPES = YES;
				CLANG_WARN_SUSPICIOUS_MOVE = YES;
				CLANG_WARN_UNGUARDED_AVAILABILITY = YES_AGGRESSIVE;
				CLANG_WARN_UNREACHABLE_CODE = YES;
				CLANG_WARN__DUPLICATE_METHOD_MATCH = YES;
				COPY_PHASE_STRIP = NO;
				DEBUG_INFORMATION_FORMAT = "dwarf-with-dsym";
				ENABLE_NS_ASSERTIONS = NO;
				ENABLE_STRICT_OBJC_MSGSEND = YES;
				GCC_C_LANGUAGE_STANDARD = gnu11;
				GCC_NO_COMMON_BLOCKS = YES;
				GCC_WARN_64_TO_32_BIT_CONVERSION = YES;
				GCC_WARN_ABOUT_RETURN_TYPE = YES_ERROR;
				GCC_WARN_UNDECLARED_SELECTOR = YES;
				GCC_WARN_UNINITIALIZED_AUTOS = YES_AGGRESSIVE;
				GCC_WARN_UNUSED_FUNCTION = YES;
				GCC_WARN_UNUSED_VARIABLE = YES;
				IPHONEOS_DEPLOYMENT_TARGET = 16.2;
				MTL_ENABLE_DEBUG_INFO = NO;
				MTL_FAST_MATH = YES;
				SDKROOT = iphoneos;
				SWIFT_COMPILATION_MODE = wholemodule;
				SWIFT_OPTIMIZATION_LEVEL = "-O";
				VALIDATE_PRODUCT = YES;
			};
			name = Release;
		};
		7748640C296FF6EE00DD32D8 /* Debug */ = {
			isa = XCBuildConfiguration;
			buildSettings = {
				ASSETCATALOG_COMPILER_APPICON_NAME = AppIcon;
				ASSETCATALOG_COMPILER_GLOBAL_ACCENT_COLOR_NAME = AccentColor;
				CODE_SIGN_STYLE = Automatic;
				CURRENT_PROJECT_VERSION = 1;
				DEVELOPMENT_ASSET_PATHS = "\"alive/Preview Content\"";
				DEVELOPMENT_TEAM = 8B63644252;
				ENABLE_PREVIEWS = YES;
				GENERATE_INFOPLIST_FILE = YES;
				INFOPLIST_KEY_UIApplicationSceneManifest_Generation = YES;
				INFOPLIST_KEY_UIApplicationSupportsIndirectInputEvents = YES;
				INFOPLIST_KEY_UILaunchScreen_Generation = YES;
				INFOPLIST_KEY_UISupportedInterfaceOrientations_iPad = "UIInterfaceOrientationPortrait UIInterfaceOrientationPortraitUpsideDown UIInterfaceOrientationLandscapeLeft UIInterfaceOrientationLandscapeRight";
				INFOPLIST_KEY_UISupportedInterfaceOrientations_iPhone = "UIInterfaceOrientationPortrait UIInterfaceOrientationLandscapeLeft UIInterfaceOrientationLandscapeRight";
				LD_RUNPATH_SEARCH_PATHS = (
					"$(inherited)",
					"@executable_path/Frameworks",
				);
				MARKETING_VERSION = 1.0;
				PRODUCT_BUNDLE_IDENTIFIER = com.yutofunaki.alive;
				PRODUCT_NAME = "$(TARGET_NAME)";
				SWIFT_EMIT_LOC_STRINGS = YES;
				SWIFT_VERSION = 5.0;
				TARGETED_DEVICE_FAMILY = "1,2";
			};
			name = Debug;
		};
		7748640D296FF6EE00DD32D8 /* Release */ = {
			isa = XCBuildConfiguration;
			buildSettings = {
				ASSETCATALOG_COMPILER_APPICON_NAME = AppIcon;
				ASSETCATALOG_COMPILER_GLOBAL_ACCENT_COLOR_NAME = AccentColor;
				CODE_SIGN_STYLE = Automatic;
				CURRENT_PROJECT_VERSION = 1;
				DEVELOPMENT_ASSET_PATHS = "\"alive/Preview Content\"";
				DEVELOPMENT_TEAM = 8B63644252;
				ENABLE_PREVIEWS = YES;
				GENERATE_INFOPLIST_FILE = YES;
				INFOPLIST_KEY_UIApplicationSceneManifest_Generation = YES;
				INFOPLIST_KEY_UIApplicationSupportsIndirectInputEvents = YES;
				INFOPLIST_KEY_UILaunchScreen_Generation = YES;
				INFOPLIST_KEY_UISupportedInterfaceOrientations_iPad = "UIInterfaceOrientationPortrait UIInterfaceOrientationPortraitUpsideDown UIInterfaceOrientationLandscapeLeft UIInterfaceOrientationLandscapeRight";
				INFOPLIST_KEY_UISupportedInterfaceOrientations_iPhone = "UIInterfaceOrientationPortrait UIInterfaceOrientationLandscapeLeft UIInterfaceOrientationLandscapeRight";
				LD_RUNPATH_SEARCH_PATHS = (
					"$(inherited)",
					"@executable_path/Frameworks",
				);
				MARKETING_VERSION = 1.0;
				PRODUCT_BUNDLE_IDENTIFIER = com.yutofunaki.alive;
				PRODUCT_NAME = "$(TARGET_NAME)";
				SWIFT_EMIT_LOC_STRINGS = YES;
				SWIFT_VERSION = 5.0;
				TARGETED_DEVICE_FAMILY = "1,2";
			};
			name = Release;
		};
/* End XCBuildConfiguration section */

/* Begin XCConfigurationList section */
		774863F2296FF6EC00DD32D8 /* Build configuration list for PBXProject "alive" */ = {
			isa = XCConfigurationList;
			buildConfigurations = (
				77486409296FF6EE00DD32D8 /* Debug */,
				7748640A296FF6EE00DD32D8 /* Release */,
			);
			defaultConfigurationIsVisible = 0;
			defaultConfigurationName = Release;
		};
		7748640B296FF6EE00DD32D8 /* Build configuration list for PBXNativeTarget "alive" */ = {
			isa = XCConfigurationList;
			buildConfigurations = (
				7748640C296FF6EE00DD32D8 /* Debug */,
				7748640D296FF6EE00DD32D8 /* Release */,
			);
			defaultConfigurationIsVisible = 0;
			defaultConfigurationName = Release;
		};
/* End XCConfigurationList section */

/* Begin XCRemoteSwiftPackageReference section */
		7748641229700FE700DD32D8 /* XCRemoteSwiftPackageReference "FSCalendar" */ = {
			isa = XCRemoteSwiftPackageReference;
			repositoryURL = "https://github.com/WenchaoD/FSCalendar";
			requirement = {
				kind = upToNextMajorVersion;
				minimumVersion = 2.0.0;
			};
		};
/* End XCRemoteSwiftPackageReference section */

/* Begin XCSwiftPackageProductDependency section */
		7748641329700FE700DD32D8 /* FSCalendar */ = {
			isa = XCSwiftPackageProductDependency;
			package = 7748641229700FE700DD32D8 /* XCRemoteSwiftPackageReference "FSCalendar" */;
			productName = FSCalendar;
		};
/* End XCSwiftPackageProductDependency section */

/* Begin XCVersionGroup section */
		77486405296FF6EE00DD32D8 /* alive.xcdatamodeld */ = {
			isa = XCVersionGroup;
			children = (
				77486406296FF6EE00DD32D8 /* alive.xcdatamodel */,
			);
			currentVersion = 77486406296FF6EE00DD32D8 /* alive.xcdatamodel */;
			path = alive.xcdatamodeld;
			sourceTree = "<group>";
			versionGroupType = wrapper.xcdatamodel;
		};
/* End XCVersionGroup section */
	};
	rootObject = 774863EF296FF6EC00DD32D8 /* Project object */;
}
